
Microsoft Visual Studio Solution File, Format Version 12.00
# Visual Studio Version 17
VisualStudioVersion = 17.11.35222.181
MinimumVisualStudioVersion = 10.0.40219.1
Project("{8BC9CEB8-8B4A-11D0-8D11-00A0C91BC942}") = "校园行走最优路径查询系统", "校园行走最优路径查询系统.vcxproj", "{079471B4-F8E3-4ABC-B032-0EFC3133F5B9}"
EndProject
Global
	GlobalSection(SolutionConfigurationPlatforms) = preSolution
		Debug|x64 = Debug|x64
		Release|x64 = Release|x64
	EndGlobalSection
	GlobalSection(ProjectConfigurationPlatforms) = postSolution
		{079471B4-F8E3-4ABC-B032-0EFC3133F5B9}.Debug|x64.ActiveCfg = Debug|x64
		{079471B4-F8E3-4ABC-B032-0EFC3133F5B9}.Debug|x64.Build.0 = Debug|x64
		{079471B4-F8E3-4ABC-B032-0EFC3133F5B9}.Release|x64.ActiveCfg = Release|x64
		{079471B4-F8E3-4ABC-B032-0EFC3133F5B9}.Release|x64.Build.0 = Release|x64
	EndGlobalSection
	GlobalSection(SolutionProperties) = preSolution
		HideSolutionNode = FALSE
	EndGlobalSection
	GlobalSection(ExtensibilityGlobals) = postSolution
		SolutionGuid = {B1890294-AFC6-4687-A607-7C11EAAB8B09}
	EndGlobalSection
EndGlobal
